
Microsoft Visual Studio Solution File, Format Version 12.00
# Visual Studio Version 17
VisualStudioVersion = 17.0.31410.414
MinimumVisualStudioVersion = 10.0.40219.1
Project("{FAE04EC0-301F-11D3-BF4B-00C04F79EFBC}") = "VersionChanger", "VersionChanger.csproj", "{A5438F4F-9260-4F2B-9263-F9F9C34EAE89}"
EndProject
Global
	GlobalSection(SolutionConfigurationPlatforms) = preSolution
		Debug|Any CPU = Debug|Any CPU
		Release|Any CPU = Release|Any CPU
	EndGlobalSection
	GlobalSection(ProjectConfigurationPlatforms) = postSolution
		{A5438F4F-9260-4F2B-9263-F9F9C34EAE89}.Debug|Any CPU.ActiveCfg = Debug|Any CPU
		{A5438F4F-9260-4F2B-9263-F9F9C34EAE89}.Debug|Any CPU.Build.0 = Debug|Any CPU
		{A5438F4F-9260-4F2B-9263-F9F9C34EAE89}.Release|Any CPU.ActiveCfg = Release|Any CPU
		{A5438F4F-9260-4F2B-9263-F9F9C34EAE89}.Release|Any CPU.Build.0 = Release|Any CPU
	EndGlobalSection
	GlobalSection(SolutionProperties) = preSolution
		HideSolutionNode = FALSE
	EndGlobalSection
	GlobalSection(ExtensibilityGlobals) = postSolution
		SolutionGuid = {7BA1370B-6826-47C4-A8A9-AC6051505E25}
	EndGlobalSection
EndGlobal
